
Microsoft Visual Studio Solution File, Format Version 12.00
# Visual Studio Version 16
VisualStudioVersion = 16.0.32106.194
MinimumVisualStudioVersion = 10.0.40219.1
Project("{FAE04EC0-301F-11D3-BF4B-00C04F79EFBC}") = "HospitalDesktopApp", "HospitalDesktopApp\HospitalDesktopApp.csproj", "{A33B7482-1D21-4E11-9E93-3574A5A1A1DE}"
EndProject
Global
	GlobalSection(SolutionConfigurationPlatforms) = preSolution
		Debug|Any CPU = Debug|Any CPU
		Release|Any CPU = Release|Any CPU
	EndGlobalSection
	GlobalSection(ProjectConfigurationPlatforms) = postSolution
		{A33B7482-1D21-4E11-9E93-3574A5A1A1DE}.Debug|Any CPU.ActiveCfg = Debug|Any CPU
		{A33B7482-1D21-4E11-9E93-3574A5A1A1DE}.Debug|Any CPU.Build.0 = Debug|Any CPU
		{A33B7482-1D21-4E11-9E93-3574A5A1A1DE}.Release|Any CPU.ActiveCfg = Release|Any CPU
		{A33B7482-1D21-4E11-9E93-3574A5A1A1DE}.Release|Any CPU.Build.0 = Release|Any CPU
	EndGlobalSection
	GlobalSection(SolutionProperties) = preSolution
		HideSolutionNode = FALSE
	EndGlobalSection
	GlobalSection(ExtensibilityGlobals) = postSolution
		SolutionGuid = {15BE5B9C-16F1-44F7-B038-DBA92CF92C1B}
	EndGlobalSection
EndGlobal
